
Microsoft Visual Studio Solution File, Format Version 12.00
# Visual Studio Version 17
VisualStudioVersion = 17.14.36414.22 d17.14
MinimumVisualStudioVersion = 10.0.40219.1
Project("{FAE04EC0-301F-11D3-BF4B-00C04F79EFBC}") = "GbtpLib", "GbtpLib\GbtpLib.csproj", "{A13FD4D2-F212-43F8-9865-3DF73DAB038B}"
EndProject
Global
	GlobalSection(SolutionConfigurationPlatforms) = preSolution
		Debug|Any CPU = Debug|Any CPU
		Release|Any CPU = Release|Any CPU
	EndGlobalSection
	GlobalSection(ProjectConfigurationPlatforms) = postSolution
		{A13FD4D2-F212-43F8-9865-3DF73DAB038B}.Debug|Any CPU.ActiveCfg = Debug|Any CPU
		{A13FD4D2-F212-43F8-9865-3DF73DAB038B}.Debug|Any CPU.Build.0 = Debug|Any CPU
		{A13FD4D2-F212-43F8-9865-3DF73DAB038B}.Release|Any CPU.ActiveCfg = Release|Any CPU
		{A13FD4D2-F212-43F8-9865-3DF73DAB038B}.Release|Any CPU.Build.0 = Release|Any CPU
	EndGlobalSection
	GlobalSection(SolutionProperties) = preSolution
		HideSolutionNode = FALSE
	EndGlobalSection
	GlobalSection(ExtensibilityGlobals) = postSolution
		SolutionGuid = {1E795B74-D2B2-4E7F-9646-86C159A780BF}
	EndGlobalSection
EndGlobal
